PODS:
  - Nimble (7.0.3)
  - Quick (1.2.0)
  - SoulSwift (0.1.0)

DEPENDENCIES:
  - Nimble (~> 7.0.2)
  - Quick (~> 1.2.0)
  - SoulSwift (from `../`)

SPEC REPOS:
  https://github.com/cocoapods/specs.git:
    - Nimble
    - Quick

EXTERNAL SOURCES:
  SoulSwift:
    :path: "../"

SPEC CHECKSUMS:
  Nimble: 7f5a9c447a33002645a071bddafbfb24ea70e0ac
  Quick: 58d203b1c5e27fff7229c4c1ae445ad7069a7a08
  SoulSwift: 9595483fd03488ad792d0f4af5a169826cd9ed9c

PODFILE CHECKSUM: baaa00ce2a1cb4fa0ad55cc76ec27ebfcc25ab82

COCOAPODS: 1.6.0.beta.2
