PODS:
  - Nimble (8.0.2)
  - Quick (2.1.0)
  - SoulSwift/Dream (0.2.2):
    - SoulSwift/Soul
    - Starscream (~> 3.0.2)
  - SoulSwift/Soul (0.2.2):
    - Swinject (~> 2.5)
    - SwinjectAutoregistration (~> 2.5)
  - Starscream (3.0.6)
  - Swinject (2.6.2)
  - SwinjectAutoregistration (2.6.1):
    - Swinject (~> 2.6)

DEPENDENCIES:
  - Nimble
  - Quick
  - SoulSwift/Dream (from `.`)
  - SoulSwift/Soul (from `.`)

SPEC REPOS:
  https://github.com/cocoapods/specs.git:
    - Nimble
    - Quick
    - Starscream
    - Swinject
    - SwinjectAutoregistration

EXTERNAL SOURCES:
  SoulSwift:
    :path: "."

SPEC CHECKSUMS:
  Nimble: 622629381bda1dd5678162f21f1368cec7cbba60
  Quick: 4be43f6634acfa727dd106bdf3929ce125ffa79d
  SoulSwift: d226adc8a4228894c93569769b3fc1a303d206d2
  Starscream: ef3ece99d765eeccb67de105bfa143f929026cf5
  Swinject: cf7458774b1b00323080a9c67e47a1ee7f9d2af1
  SwinjectAutoregistration: d0de7e48db3601b8b130f2f84e5a8399e0224135

PODFILE CHECKSUM: a286bcd2218b3cd0ed4e24bb8a813497cf3b525e

COCOAPODS: 1.6.2
