PODS:
  - Alamofire (4.8.2)
  - Moya (13.0.1):
    - Moya/Core (= 13.0.1)
  - Moya/Core (13.0.1):
    - Alamofire (~> 4.1)
    - Result (~> 4.1)
  - Nimble (8.0.2)
  - Quick (2.1.0)
  - Result (4.1.0)
  - SoulSwift (0.2.2):
    - SoulSwift/Core (= 0.2.2)
  - SoulSwift/Core (0.2.2):
    - Moya (~> 13.0)
    - Swinject (~> 2.5)
    - SwinjectAutoregistration (~> 2.5)
  - SwiftLint (0.34.0)
  - Swinject (2.6.2)
  - SwinjectAutoregistration (2.6.0):
    - Swinject (~> 2.6)

DEPENDENCIES:
  - Nimble
  - Quick
  - SoulSwift (from `.`)
  - SwiftLint

SPEC REPOS:
  https://github.com/cocoapods/specs.git:
    - Alamofire
    - Moya
    - Nimble
    - Quick
    - Result
    - SwiftLint
    - Swinject
    - SwinjectAutoregistration

EXTERNAL SOURCES:
  SoulSwift:
    :path: "."

SPEC CHECKSUMS:
  Alamofire: ae5c501addb7afdbb13687d7f2f722c78734c2d3
  Moya: f4a4b80ff2f8a4ffc208dfb31cd91636622fee6e
  Nimble: 622629381bda1dd5678162f21f1368cec7cbba60
  Quick: 4be43f6634acfa727dd106bdf3929ce125ffa79d
  Result: bd966fac789cc6c1563440b348ab2598cc24d5c7
  SoulSwift: 5448885ac52351db0c72d380b95c8673025578e0
  SwiftLint: 79d48a17c6565dc286c37efb8322c7b450f95c67
  Swinject: cf7458774b1b00323080a9c67e47a1ee7f9d2af1
  SwinjectAutoregistration: 93a908f7543c401b0c315305ac0ae501efdbce89

PODFILE CHECKSUM: 44c76c8cc9cca8f5b5953e831100d728e01be213

COCOAPODS: 1.6.2
